{
    "_readme": [
        "This file locks the dependencies of your project to a known state",
        "Read more about it at https://getcomposer.org/doc/01-basic-usage.md#installing-dependencies",
        "This file is @generated automatically"
    ],
    "content-hash": "98951c49b0f56a28643144e125285db5",
    "packages": [
        {
            "name": "schranz-search/seal",
            "version": "0.1.x-dev",
            "dist": {
                "type": "path",
                "url": "./../seal",
                "reference": "49646909434e8d086eafd8ada86abd939b177398"
            },
            "require": {
                "php": "^8.1"
            },
            "require-dev": {
                "phpunit/phpunit": "^9.5"
            },
            "type": "library",
            "autoload": {
                "psr-4": {
                    "Schranz\\Search\\SEAL\\": ""
                }
            },
            "license": [
                "MIT"
            ],
            "authors": [
                {
                    "name": "Alexander Schranz",
                    "email": "alexander@sulu.io"
                }
            ],
            "description": "Search Engine Abstraction Layer",
            "transport-options": {
                "symlink": true,
                "relative": true
            }
        }
    ],
    "packages-dev": [],
    "aliases": [],
    "minimum-stability": "dev",
    "stability-flags": [],
    "prefer-stable": false,
    "prefer-lowest": false,
    "platform": {
        "php": "^8.1"
    },
    "platform-dev": [],
    "plugin-api-version": "2.3.0"
}
