{
    "_readme": [
        "This file locks the dependencies of your project to a known state",
        "Read more about it at https://getcomposer.org/doc/01-basic-usage.md#installing-dependencies",
        "This file is @generated automatically"
    ],
    "content-hash": "795095188e6e519b01904c37d5c68cb6",
    "packages": [],
    "packages-dev": [
        {
            "name": "php-cs-fixer/shim",
            "version": "v3.15.1",
            "source": {
                "type": "git",
                "url": "https://github.com/PHP-CS-Fixer/shim.git",
                "reference": "3fc23b110a41a7462878e45d9fa58048565224b6"
            },
            "dist": {
                "type": "zip",
                "url": "https://api.github.com/repos/PHP-CS-Fixer/shim/zipball/3fc23b110a41a7462878e45d9fa58048565224b6",
                "reference": "3fc23b110a41a7462878e45d9fa58048565224b6",
                "shasum": ""
            },
            "require": {
                "ext-json": "*",
                "ext-tokenizer": "*",
                "php": "^7.4 || ^8.0"
            },
            "replace": {
                "friendsofphp/php-cs-fixer": "self.version"
            },
            "suggest": {
                "ext-dom": "For handling output formats in XML",
                "ext-mbstring": "For handling non-UTF8 characters."
            },
            "bin": [
                "php-cs-fixer",
                "php-cs-fixer.phar"
            ],
            "type": "application",
            "notification-url": "https://packagist.org/downloads/",
            "license": [
                "MIT"
            ],
            "authors": [
                {
                    "name": "Fabien Potencier",
                    "email": "fabien@symfony.com"
                },
                {
                    "name": "Dariusz Rumiński",
                    "email": "dariusz.ruminski@gmail.com"
                }
            ],
            "description": "A tool to automatically fix PHP code style",
            "support": {
                "issues": "https://github.com/PHP-CS-Fixer/shim/issues",
                "source": "https://github.com/PHP-CS-Fixer/shim/tree/v3.15.1"
            },
            "time": "2023-03-13T23:27:20+00:00"
        },
        {
            "name": "phpstan/phpstan",
            "version": "1.10.8",
            "source": {
                "type": "git",
                "url": "https://github.com/phpstan/phpstan.git",
                "reference": "0166aef76e066f0dd2adc2799bdadfa1635711e9"
            },
            "dist": {
                "type": "zip",
                "url": "https://api.github.com/repos/phpstan/phpstan/zipball/0166aef76e066f0dd2adc2799bdadfa1635711e9",
                "reference": "0166aef76e066f0dd2adc2799bdadfa1635711e9",
                "shasum": ""
            },
            "require": {
                "php": "^7.2|^8.0"
            },
            "conflict": {
                "phpstan/phpstan-shim": "*"
            },
            "bin": [
                "phpstan",
                "phpstan.phar"
            ],
            "type": "library",
            "autoload": {
                "files": [
                    "bootstrap.php"
                ]
            },
            "notification-url": "https://packagist.org/downloads/",
            "license": [
                "MIT"
            ],
            "description": "PHPStan - PHP Static Analysis Tool",
            "keywords": [
                "dev",
                "static analysis"
            ],
            "support": {
                "docs": "https://phpstan.org/user-guide/getting-started",
                "forum": "https://github.com/phpstan/phpstan/discussions",
                "issues": "https://github.com/phpstan/phpstan/issues",
                "security": "https://github.com/phpstan/phpstan/security/policy",
                "source": "https://github.com/phpstan/phpstan-src"
            },
            "funding": [
                {
                    "url": "https://github.com/ondrejmirtes",
                    "type": "github"
                },
                {
                    "url": "https://github.com/phpstan",
                    "type": "github"
                },
                {
                    "url": "https://tidelift.com/funding/github/packagist/phpstan/phpstan",
                    "type": "tidelift"
                }
            ],
            "time": "2023-03-24T10:28:16+00:00"
        },
        {
            "name": "rector/rector",
            "version": "0.15.23",
            "source": {
                "type": "git",
                "url": "https://github.com/rectorphp/rector.git",
                "reference": "f4984ebd62b3613002869b0ddd6868261d62819e"
            },
            "dist": {
                "type": "zip",
                "url": "https://api.github.com/repos/rectorphp/rector/zipball/f4984ebd62b3613002869b0ddd6868261d62819e",
                "reference": "f4984ebd62b3613002869b0ddd6868261d62819e",
                "shasum": ""
            },
            "require": {
                "php": "^7.2|^8.0",
                "phpstan/phpstan": "^1.10.1"
            },
            "conflict": {
                "rector/rector-doctrine": "*",
                "rector/rector-downgrade-php": "*",
                "rector/rector-phpunit": "*",
                "rector/rector-symfony": "*"
            },
            "bin": [
                "bin/rector"
            ],
            "type": "library",
            "extra": {
                "branch-alias": {
                    "dev-main": "0.15-dev"
                }
            },
            "autoload": {
                "files": [
                    "bootstrap.php"
                ]
            },
            "notification-url": "https://packagist.org/downloads/",
            "license": [
                "MIT"
            ],
            "description": "Instant Upgrade and Automated Refactoring of any PHP code",
            "keywords": [
                "automation",
                "dev",
                "migration",
                "refactoring"
            ],
            "support": {
                "issues": "https://github.com/rectorphp/rector/issues",
                "source": "https://github.com/rectorphp/rector/tree/0.15.23"
            },
            "funding": [
                {
                    "url": "https://github.com/tomasvotruba",
                    "type": "github"
                }
            ],
            "time": "2023-03-22T15:22:45+00:00"
        }
    ],
    "aliases": [],
    "minimum-stability": "stable",
    "stability-flags": [],
    "prefer-stable": false,
    "prefer-lowest": false,
    "platform": [],
    "platform-dev": [],
    "plugin-api-version": "2.3.0"
}
