{
    "_readme": [
        "This file locks the dependencies of your project to a known state",
        "Read more about it at https://getcomposer.org/doc/01-basic-usage.md#installing-dependencies",
        "This file is @generated automatically"
    ],
    "content-hash": "b659952e595b72d069dfc0f55ac10ab8",
    "packages": [],
    "packages-dev": [
        {
            "name": "schranz/mono",
            "version": "1.0.1",
            "source": {
                "type": "git",
                "url": "https://github.com/alexander-schranz/mono.git",
                "reference": "11b83f0fe8032ea7bd76e8069b5e89feb60f3c4b"
            },
            "dist": {
                "type": "zip",
                "url": "https://api.github.com/repos/alexander-schranz/mono/zipball/11b83f0fe8032ea7bd76e8069b5e89feb60f3c4b",
                "reference": "11b83f0fe8032ea7bd76e8069b5e89feb60f3c4b",
                "shasum": ""
            },
            "require": {
                "php": "^8.1"
            },
            "bin": [
                "bin/mono"
            ],
            "type": "library",
            "notification-url": "https://packagist.org/downloads/",
            "license": [
                "MIT"
            ],
            "authors": [
                {
                    "name": "Alexander Schranz",
                    "email": "alexander@sulu.io"
                }
            ],
            "description": "A binary to run commands in a monorepo",
            "keywords": [
                "mono",
                "monorepo",
                "monorepository"
            ],
            "support": {
                "issues": "https://github.com/alexander-schranz/mono/issues",
                "source": "https://github.com/alexander-schranz/mono/tree/1.0.1"
            },
            "time": "2023-06-27T22:13:28+00:00"
        }
    ],
    "aliases": [],
    "minimum-stability": "stable",
    "stability-flags": [],
    "prefer-stable": false,
    "prefer-lowest": false,
    "platform": [],
    "platform-dev": [],
    "plugin-api-version": "2.3.0"
}
