{
    "_readme": [
        "This file locks the dependencies of your project to a known state",
        "Read more about it at https://getcomposer.org/doc/01-basic-usage.md#installing-dependencies",
        "This file is @generated automatically"
    ],
    "content-hash": "54da2647208fa2dbf7b2c00df09d2c44",
    "packages": [],
    "packages-dev": [
        {
            "name": "schranz/mono",
            "version": "2.0.0",
            "source": {
                "type": "git",
                "url": "https://github.com/alexander-schranz/mono.git",
                "reference": "6796528ecaa93a62c1aa52eb4b20118cc0e5fe18"
            },
            "dist": {
                "type": "zip",
                "url": "https://api.github.com/repos/alexander-schranz/mono/zipball/6796528ecaa93a62c1aa52eb4b20118cc0e5fe18",
                "reference": "6796528ecaa93a62c1aa52eb4b20118cc0e5fe18",
                "shasum": ""
            },
            "require": {
                "php": "^8.1"
            },
            "bin": [
                "bin/mono"
            ],
            "type": "library",
            "notification-url": "https://packagist.org/downloads/",
            "license": [
                "MIT"
            ],
            "authors": [
                {
                    "name": "Alexander Schranz",
                    "email": "alexander@sulu.io"
                }
            ],
            "description": "A binary to run commands in a monorepo",
            "keywords": [
                "mono",
                "monorepo",
                "monorepository"
            ],
            "support": {
                "issues": "https://github.com/alexander-schranz/mono/issues",
                "source": "https://github.com/alexander-schranz/mono/tree/2.0.0"
            },
            "time": "2023-08-29T23:05:36+00:00"
        }
    ],
    "aliases": [],
    "minimum-stability": "stable",
    "stability-flags": [],
    "prefer-stable": false,
    "prefer-lowest": false,
    "platform": [],
    "platform-dev": [],
    "plugin-api-version": "2.6.0"
}
